
Microsoft Visual Studio Solution File, Format Version 12.00
# Visual Studio Version 17
VisualStudioVersion = 17.0.31903.59
MinimumVisualStudioVersion = 10.0.40219.1
Project("{2150E333-8FDC-42A3-9474-1A3956D46DE8}") = "Microservices", "Microservices", "{7D4F4F94-7FAA-4AB3-A5FD-2E5F1AFDAE16}"
EndProject
Project("{2150E333-8FDC-42A3-9474-1A3956D46DE8}") = "MigrationService", "MigrationService", "{A929814A-92BC-4949-93CA-4D530F75E080}"
EndProject
Project("{FAE04EC0-301F-11D3-BF4B-00C04F79EFBC}") = "MigrationService", "Source\Microservices\MigrationService\MigrationService\MigrationService.csproj", "{3CAF2696-E89F-41D4-AEEF-C06ED66836F0}"
EndProject
Project("{2150E333-8FDC-42A3-9474-1A3956D46DE8}") = "UserService", "UserService", "{F8BCFB06-4172-467C-9B6F-BCED66395288}"
EndProject
Project("{FAE04EC0-301F-11D3-BF4B-00C04F79EFBC}") = "UserService.Api", "Source\Microservices\UserService\UserService.Api\UserService.Api.csproj", "{6EB042BA-A36F-43AC-9A2F-23A65E4289AE}"
EndProject
Project("{FAE04EC0-301F-11D3-BF4B-00C04F79EFBC}") = "UserService.Application", "Source\Microservices\UserService\UserService.Application\UserService.Application.csproj", "{28E3B905-F18E-42AF-B88E-200425C1FE70}"
EndProject
Project("{FAE04EC0-301F-11D3-BF4B-00C04F79EFBC}") = "UserService.Infrastructure", "Source\Microservices\UserService\UserService.Infrastructure\UserService.Infrastructure.csproj", "{F1C39F3C-9CD4-4480-A9FC-3C5B27CD1A41}"
EndProject
Project("{FAE04EC0-301F-11D3-BF4B-00C04F79EFBC}") = "UserService.Domain", "Source\Microservices\UserService\UserService.Domain\UserService.Domain.csproj", "{BB20536A-596E-46DE-94F0-1DF90400C2C1}"
EndProject
Project("{2150E333-8FDC-42A3-9474-1A3956D46DE8}") = "FinanceService", "FinanceService", "{F3538EF7-514E-4617-9BD6-25A0618DB66E}"
EndProject
Project("{FAE04EC0-301F-11D3-BF4B-00C04F79EFBC}") = "FinanceService.Api", "Source\Microservices\FinanceService\FinanceService.Api\FinanceService.Api.csproj", "{3354F4B6-28FD-496F-AB36-BD347E009DF2}"
EndProject
Project("{FAE04EC0-301F-11D3-BF4B-00C04F79EFBC}") = "FinanceService.Application", "Source\Microservices\FinanceService\FinanceService.Application\FinanceService.Application.csproj", "{DE1A14F0-1952-4CE2-A6F5-CE79764D79EA}"
EndProject
Project("{FAE04EC0-301F-11D3-BF4B-00C04F79EFBC}") = "FinanceService.Infrastructure", "Source\Microservices\FinanceService\FinanceService.Infrastructure\FinanceService.Infrastructure.csproj", "{423B6740-7D8F-48F6-8335-CACC524631D1}"
EndProject
Project("{FAE04EC0-301F-11D3-BF4B-00C04F79EFBC}") = "FinanceService.Domain", "Source\Microservices\FinanceService\FinanceService.Domain\FinanceService.Domain.csproj", "{4A84879D-DC2C-47C1-B2BE-31505A470BF8}"
EndProject
Project("{2150E333-8FDC-42A3-9474-1A3956D46DE8}") = "Gateway", "Gateway", "{AB7B3CB3-560C-4C0E-87E6-792C601BF1CB}"
EndProject
Project("{FAE04EC0-301F-11D3-BF4B-00C04F79EFBC}") = "Gateway.Api", "Source\Microservices\Gateway\Gateway.Api\Gateway.Api.csproj", "{F20E53E2-3CDA-4736-A460-507558B68540}"
EndProject
Global
	GlobalSection(SolutionConfigurationPlatforms) = preSolution
		Debug|Any CPU = Debug|Any CPU
		Release|Any CPU = Release|Any CPU
	EndGlobalSection
	GlobalSection(SolutionProperties) = preSolution
		HideSolutionNode = FALSE
	EndGlobalSection
	GlobalSection(NestedProjects) = preSolution
		{A929814A-92BC-4949-93CA-4D530F75E080} = {7D4F4F94-7FAA-4AB3-A5FD-2E5F1AFDAE16}
		{3CAF2696-E89F-41D4-AEEF-C06ED66836F0} = {A929814A-92BC-4949-93CA-4D530F75E080}
		{F8BCFB06-4172-467C-9B6F-BCED66395288} = {7D4F4F94-7FAA-4AB3-A5FD-2E5F1AFDAE16}
		{6EB042BA-A36F-43AC-9A2F-23A65E4289AE} = {F8BCFB06-4172-467C-9B6F-BCED66395288}
		{28E3B905-F18E-42AF-B88E-200425C1FE70} = {F8BCFB06-4172-467C-9B6F-BCED66395288}
		{F1C39F3C-9CD4-4480-A9FC-3C5B27CD1A41} = {F8BCFB06-4172-467C-9B6F-BCED66395288}
		{BB20536A-596E-46DE-94F0-1DF90400C2C1} = {F8BCFB06-4172-467C-9B6F-BCED66395288}
		{F3538EF7-514E-4617-9BD6-25A0618DB66E} = {7D4F4F94-7FAA-4AB3-A5FD-2E5F1AFDAE16}
		{3354F4B6-28FD-496F-AB36-BD347E009DF2} = {F3538EF7-514E-4617-9BD6-25A0618DB66E}
		{DE1A14F0-1952-4CE2-A6F5-CE79764D79EA} = {F3538EF7-514E-4617-9BD6-25A0618DB66E}
		{423B6740-7D8F-48F6-8335-CACC524631D1} = {F3538EF7-514E-4617-9BD6-25A0618DB66E}
		{4A84879D-DC2C-47C1-B2BE-31505A470BF8} = {F3538EF7-514E-4617-9BD6-25A0618DB66E}
		{AB7B3CB3-560C-4C0E-87E6-792C601BF1CB} = {7D4F4F94-7FAA-4AB3-A5FD-2E5F1AFDAE16}
		{F20E53E2-3CDA-4736-A460-507558B68540} = {AB7B3CB3-560C-4C0E-87E6-792C601BF1CB}
	EndGlobalSection
	GlobalSection(ProjectConfigurationPlatforms) = postSolution
		{3CAF2696-E89F-41D4-AEEF-C06ED66836F0}.Debug|Any CPU.ActiveCfg = Debug|Any CPU
		{3CAF2696-E89F-41D4-AEEF-C06ED66836F0}.Debug|Any CPU.Build.0 = Debug|Any CPU
		{3CAF2696-E89F-41D4-AEEF-C06ED66836F0}.Release|Any CPU.ActiveCfg = Release|Any CPU
		{3CAF2696-E89F-41D4-AEEF-C06ED66836F0}.Release|Any CPU.Build.0 = Release|Any CPU
		{6EB042BA-A36F-43AC-9A2F-23A65E4289AE}.Debug|Any CPU.ActiveCfg = Debug|Any CPU
		{6EB042BA-A36F-43AC-9A2F-23A65E4289AE}.Debug|Any CPU.Build.0 = Debug|Any CPU
		{6EB042BA-A36F-43AC-9A2F-23A65E4289AE}.Release|Any CPU.ActiveCfg = Release|Any CPU
		{6EB042BA-A36F-43AC-9A2F-23A65E4289AE}.Release|Any CPU.Build.0 = Release|Any CPU
		{28E3B905-F18E-42AF-B88E-200425C1FE70}.Debug|Any CPU.ActiveCfg = Debug|Any CPU
		{28E3B905-F18E-42AF-B88E-200425C1FE70}.Debug|Any CPU.Build.0 = Debug|Any CPU
		{28E3B905-F18E-42AF-B88E-200425C1FE70}.Release|Any CPU.ActiveCfg = Release|Any CPU
		{28E3B905-F18E-42AF-B88E-200425C1FE70}.Release|Any CPU.Build.0 = Release|Any CPU
		{F1C39F3C-9CD4-4480-A9FC-3C5B27CD1A41}.Debug|Any CPU.ActiveCfg = Debug|Any CPU
		{F1C39F3C-9CD4-4480-A9FC-3C5B27CD1A41}.Debug|Any CPU.Build.0 = Debug|Any CPU
		{F1C39F3C-9CD4-4480-A9FC-3C5B27CD1A41}.Release|Any CPU.ActiveCfg = Release|Any CPU
		{F1C39F3C-9CD4-4480-A9FC-3C5B27CD1A41}.Release|Any CPU.Build.0 = Release|Any CPU
		{BB20536A-596E-46DE-94F0-1DF90400C2C1}.Debug|Any CPU.ActiveCfg = Debug|Any CPU
		{BB20536A-596E-46DE-94F0-1DF90400C2C1}.Debug|Any CPU.Build.0 = Debug|Any CPU
		{BB20536A-596E-46DE-94F0-1DF90400C2C1}.Release|Any CPU.ActiveCfg = Release|Any CPU
		{BB20536A-596E-46DE-94F0-1DF90400C2C1}.Release|Any CPU.Build.0 = Release|Any CPU
		{3354F4B6-28FD-496F-AB36-BD347E009DF2}.Debug|Any CPU.ActiveCfg = Debug|Any CPU
		{3354F4B6-28FD-496F-AB36-BD347E009DF2}.Debug|Any CPU.Build.0 = Debug|Any CPU
		{3354F4B6-28FD-496F-AB36-BD347E009DF2}.Release|Any CPU.ActiveCfg = Release|Any CPU
		{3354F4B6-28FD-496F-AB36-BD347E009DF2}.Release|Any CPU.Build.0 = Release|Any CPU
		{DE1A14F0-1952-4CE2-A6F5-CE79764D79EA}.Debug|Any CPU.ActiveCfg = Debug|Any CPU
		{DE1A14F0-1952-4CE2-A6F5-CE79764D79EA}.Debug|Any CPU.Build.0 = Debug|Any CPU
		{DE1A14F0-1952-4CE2-A6F5-CE79764D79EA}.Release|Any CPU.ActiveCfg = Release|Any CPU
		{DE1A14F0-1952-4CE2-A6F5-CE79764D79EA}.Release|Any CPU.Build.0 = Release|Any CPU
		{423B6740-7D8F-48F6-8335-CACC524631D1}.Debug|Any CPU.ActiveCfg = Debug|Any CPU
		{423B6740-7D8F-48F6-8335-CACC524631D1}.Debug|Any CPU.Build.0 = Debug|Any CPU
		{423B6740-7D8F-48F6-8335-CACC524631D1}.Release|Any CPU.ActiveCfg = Release|Any CPU
		{423B6740-7D8F-48F6-8335-CACC524631D1}.Release|Any CPU.Build.0 = Release|Any CPU
		{4A84879D-DC2C-47C1-B2BE-31505A470BF8}.Debug|Any CPU.ActiveCfg = Debug|Any CPU
		{4A84879D-DC2C-47C1-B2BE-31505A470BF8}.Debug|Any CPU.Build.0 = Debug|Any CPU
		{4A84879D-DC2C-47C1-B2BE-31505A470BF8}.Release|Any CPU.ActiveCfg = Release|Any CPU
		{4A84879D-DC2C-47C1-B2BE-31505A470BF8}.Release|Any CPU.Build.0 = Release|Any CPU
		{F20E53E2-3CDA-4736-A460-507558B68540}.Debug|Any CPU.ActiveCfg = Debug|Any CPU
		{F20E53E2-3CDA-4736-A460-507558B68540}.Debug|Any CPU.Build.0 = Debug|Any CPU
		{F20E53E2-3CDA-4736-A460-507558B68540}.Release|Any CPU.ActiveCfg = Release|Any CPU
		{F20E53E2-3CDA-4736-A460-507558B68540}.Release|Any CPU.Build.0 = Release|Any CPU
	EndGlobalSection
EndGlobal
